# THIS IS AN AUTOGENERATED FILE. DO NOT EDIT THIS FILE DIRECTLY.
# yarn lockfile v1


argparse@^1.0.7:
  version "1.0.10"
  resolved "https://registry.yarnpkg.com/argparse/-/argparse-1.0.10.tgz#bcd6791ea5ae09725e17e5ad988134cd40b3d911"
  integrity sha512-o5Roy6tNG4SL/FOkCAN6RzjiakZS25RLYFrcMttJqbdd8BWrnA+fGz57iN5Pb06pvBGvl5gQ0B48dJlslXvoTg==
  dependencies:
    sprintf-js "~1.0.2"

commandpost@^1.2.1:
  version "1.4.0"
  resolved "https://registry.yarnpkg.com/commandpost/-/commandpost-1.4.0.tgz#89218012089dfc9b67a337ba162f15c88e0f1048"
  integrity sha512-aE2Y4MTFJ870NuB/+2z1cXBhSBBzRydVVjzhFC4gtenEhpnj15yu0qptWGJsO9YGrcPZ3ezX8AWb1VA391MKpQ==

diff@^3.3.0:
  version "3.5.0"
  resolved "https://registry.yarnpkg.com/diff/-/diff-3.5.0.tgz#800c0dd1e0a8bfbc95835c202ad220fe317e5a12"
  integrity sha512-A46qtFgd+g7pDZinpnwiRJtxbC1hpgf0uzP3iG89scHk0AUC7A1TGxf5OiiOUv/JMZR8GOt8hL900hV0bOy5xA==

esprima@^4.0.0:
  version "4.0.1"
  resolved "https://registry.yarnpkg.com/esprima/-/esprima-4.0.1.tgz#13b04cdb3e6c5d19df91ab6987a8695619b0aa71"
  integrity sha512-eGuFFw7Upda+g4p+QHvnW0RyTX/SVeJBDM/gCtMARO0cLuT2HcEKnTPvhjV6aGeqrCB/sbNop0Kszm0jsaWU4A==

js-yaml@^3.9.1:
  version "3.13.1"
  resolved "https://registry.yarnpkg.com/js-yaml/-/js-yaml-3.13.1.tgz#aff151b30bfdfa8e49e05da22e7415e9dfa37847"
  integrity sha512-YfbcO7jXDdyj0DGxYVSlSeQNHbD7XPWvrVWeVUujrQEoZzWJIRrCPoyk6kL6IAjAG2IolMK4T0hNUe0HOUs5Jw==
  dependencies:
    argparse "^1.0.7"
    esprima "^4.0.0"

prh-languageserver@^1.0.1:
  version "1.0.1"
  resolved "https://registry.yarnpkg.com/prh-languageserver/-/prh-languageserver-1.0.1.tgz#4a4a2f8f07e1936c06c92c637e8e9e22cdc4f1ad"
  integrity sha512-y3OWpqlSKyAG/TjqqMX8r1B7uoWMGnY6d/muab0nAkMUjtEn8UlgF7Vpxu/dIxirJFy7plsWTEYLtjE1q0U2Qw==
  dependencies:
    prh "^5.3.0"
    vscode-languageserver "3.2.2"
    vscode-uri "1.0.1"

prh@^5.3.0, prh@^5.4.0:
  version "5.4.3"
  resolved "https://registry.yarnpkg.com/prh/-/prh-5.4.3.tgz#d3864a6de2f35c6603e33c700106dce01c22876d"
  integrity sha512-W5+gzqOrVLKayPh+2QCur7KYZPsLRfDJd4Tyz5lIXAWwqaX/LQ40FX/P3/Hbfgf7w+EQPdR1yOx6BVf+frG40w==
  dependencies:
    commandpost "^1.2.1"
    diff "^3.3.0"
    js-yaml "^3.9.1"

sprintf-js@~1.0.2:
  version "1.0.3"
  resolved "https://registry.yarnpkg.com/sprintf-js/-/sprintf-js-1.0.3.tgz#04e6926f662895354f3dd015203633b857297e2c"
  integrity sha1-BOaSb2YolTVPPdAVIDYzuFcpfiw=

vscode-jsonrpc@^3.2.0:
  version "3.6.2"
  resolved "https://registry.yarnpkg.com/vscode-jsonrpc/-/vscode-jsonrpc-3.6.2.tgz#3b5eef691159a15556ecc500e9a8a0dd143470c8"
  integrity sha512-T24Jb5V48e4VgYliUXMnZ379ItbrXgOimweKaJshD84z+8q7ZOZjJan0MeDe+Ugb+uqERDVV8SBmemaGMSMugA==

vscode-languageserver-types@^3.2.0:
  version "3.14.0"
  resolved "https://registry.yarnpkg.com/vscode-languageserver-types/-/vscode-languageserver-types-3.14.0.tgz#d3b5952246d30e5241592b6dde8280e03942e743"
  integrity sha512-lTmS6AlAlMHOvPQemVwo3CezxBp0sNB95KNPkqp3Nxd5VFEnuG1ByM0zlRWos0zjO3ZWtkvhal0COgiV1xIA4A==

vscode-languageserver@3.2.2:
  version "3.2.2"
  resolved "https://registry.yarnpkg.com/vscode-languageserver/-/vscode-languageserver-3.2.2.tgz#9a7b66e1252838ea51a0061145089a2b88a9516a"
  integrity sha1-mntm4SUoOOpRoAYRRQiaK4ipUWo=
  dependencies:
    vscode-jsonrpc "^3.2.0"
    vscode-languageserver-types "^3.2.0"

vscode-uri@1.0.1:
  version "1.0.1"
  resolved "https://registry.yarnpkg.com/vscode-uri/-/vscode-uri-1.0.1.tgz#11a86befeac3c4aa3ec08623651a3c81a6d0bbc8"
  integrity sha1-Eahr7+rDxKo+wIYjZRo8gabQu8g=
